Microsoft Visual Studio Solution File, Format Version 11.00
# Visual Studio 2008

Project("{B22E21E6-5304-EEF8-54B8-F3862E410438}") = "tiny-chao-garden-pc", "Assembly-CSharp.csproj", "{845D11CC-C4D2-CDCE-2DEC-36E10844E836}"
EndProject
Global
	GlobalSection(SolutionConfigurationPlatforms) = preSolution
		Debug|Any CPU = Debug|Any CPU
		Release|Any CPU = Release|Any CPU
	EndGlobalSection
	GlobalSection(ProjectConfigurationPlatforms) = postSolution
		{845D11CC-C4D2-CDCE-2DEC-36E10844E836}.Debug|Any CPU.ActiveCfg = Debug|Any CPU
		{845D11CC-C4D2-CDCE-2DEC-36E10844E836}.Debug|Any CPU.Build.0 = Debug|Any CPU
		{845D11CC-C4D2-CDCE-2DEC-36E10844E836}.Release|Any CPU.ActiveCfg = Release|Any CPU
		{845D11CC-C4D2-CDCE-2DEC-36E10844E836}.Release|Any CPU.Build.0 = Release|Any CPU
	EndGlobalSection
	GlobalSection(SolutionProperties) = preSolution
		HideSolutionNode = FALSE
	EndGlobalSection
	GlobalSection(MonoDevelopProperties) = preSolution
		StartupItem = Assembly-CSharp.csproj
	EndGlobalSection
EndGlobal
